{
    "name": "mean-angular2-registration-login-example-server",
    "version": "1.0.0",
    "lockfileVersion": 1,
    "requires": true,
    "dependencies": {
        "@google/maps": {
            "version": "0.4.5",
            "resolved": "https://registry.npmjs.org/@google/maps/-/maps-0.4.5.tgz",
            "integrity": "sha1-cuuc+OfelEYZJF0Pjz+WlXHqhNg="
        },
        "bcryptjs": {
            "version": "2.4.3",
            "resolved": "https://registry.npmjs.org/bcryptjs/-/bcryptjs-2.4.3.tgz",
            "integrity": "sha1-mrVie5PmBiH/fNrF2pczAn3x0Ms="
        },
        "body-parser": {
            "version": "1.18.2",
            "resolved": "https://registry.npmjs.org/body-parser/-/body-parser-1.18.2.tgz",
            "integrity": "sha1-h2eKGdhLR9hZuDGZvVm84iKxBFQ="
        },
        "cors": {
            "version": "2.8.4",
            "resolved": "https://registry.npmjs.org/cors/-/cors-2.8.4.tgz",
            "integrity": "sha1-K9OB8usgECAQXNUOpZ2mMJBpRoY="
        },
        "express": {
            "version": "4.16.2",
            "resolved": "https://registry.npmjs.org/express/-/express-4.16.2.tgz",
            "integrity": "sha1-41xt/i1kt9ygpc1PIXgb4ymeB2w=",
            "dependencies": {
                "setprototypeof": {
                    "version": "1.1.0",
                    "resolved": "https://registry.npmjs.org/setprototypeof/-/setprototypeof-1.1.0.tgz",
                    "integrity": "sha512-BvE/TwpZX4FXExxOxZyRGQQv651MSwmWKZGqvmPcRIjDqWub67kTKuIMx43cZZrS/cBBzwBcNDWoFxt2XEFIpQ=="
                }
            }
        },
        "express-jwt": {
            "version": "3.4.0",
            "resolved": "https://registry.npmjs.org/express-jwt/-/express-jwt-3.4.0.tgz",
            "integrity": "sha1-5v6HMOYdqBqN6rZGgBVK5GwAKMw="
        },
        "jsonwebtoken": {
            "version": "5.7.0",
            "resolved": "https://registry.npmjs.org/jsonwebtoken/-/jsonwebtoken-5.7.0.tgz",
            "integrity": "sha1-HJD5qGzlt0j1+XnBK3BAK0r83bQ=",
            "dependencies": {
                "ms": {
                    "version": "0.7.3",
                    "resolved": "https://registry.npmjs.org/ms/-/ms-0.7.3.tgz",
                    "integrity": "sha1-cIFVpeROM/X9D8U+gdDUCpG+H/8="
                }
            }
        },
        "lodash": {
            "version": "4.17.13",
            "resolved": "https://registry.npmjs.org/lodash/-/lodash-4.17.13.tgz",
            "integrity": "sha512-vm3/XWXfWtRua0FkUyEHBZy8kCPjErNBT9fJx8Zvs+U6zjqPbTUOpkaoum3O5uiA8sm+yNMHXfYkTUHFoMxFNA=="
        },
        "mongodb": {
            "version": "2.2.31",
            "resolved": "https://registry.npmjs.org/mongodb/-/mongodb-2.2.31.tgz",
            "integrity": "sha1-GUBEXGYeGSF7s7+CRdmFSq71SNs="
        },
        "mongoskin": {
            "version": "2.1.0",
            "resolved": "https://registry.npmjs.org/mongoskin/-/mongoskin-2.1.0.tgz",
            "integrity": "sha1-H9poFLId5T42tDlvYSbJecXp7mA="
        },
        "q": {
            "version": "1.5.0",
            "resolved": "https://registry.npmjs.org/q/-/q-1.5.0.tgz",
            "integrity": "sha1-3QG6ydBtMObyGa7LglPunr3DCPE="
        },
        "request": {
            "version": "2.83.0",
            "resolved": "https://registry.npmjs.org/request/-/request-2.83.0.tgz",
            "integrity": "sha512-lR3gD69osqm6EYLk9wB/G1W/laGWjzH90t1vEa2xuxHD5KUrSzp9pUSfTm+YC5Nxt2T8nMPEvKlhbQayU7bgFw=="
        },
        "rootpath": {
            "version": "0.1.2",
            "resolved": "https://registry.npmjs.org/rootpath/-/rootpath-0.1.2.tgz",
            "integrity": "sha1-Wzeah9ypBum5HWkKWZQ5vvJn6ms="
        },
        "sentiment": {
            "version": "4.2.0",
            "resolved": "https://registry.npmjs.org/sentiment/-/sentiment-4.2.0.tgz",
            "integrity": "sha512-aj0/PouNqOQBklPbERcn8IoHsfmQpWXdp71SS/ixDFUN+2KoQuZ7JhtwR94Al7h8m0nhs/wiCj5QXejtoF0wNA=="
        }
    }
}
