{
    "name": "mean-angular2-registration-login-example-server",
    "version": "1.0.0",
    "lockfileVersion": 1,
    "requires": true,
    "dependencies": {
        "@google/maps": {
            "version": "0.4.5",
            "resolved": "https://registry.npmjs.org/@google/maps/-/maps-0.4.5.tgz",
            "integrity": "sha1-cuuc+OfelEYZJF0Pjz+WlXHqhNg="
        },
        "bcryptjs": {
            "version": "2.4.3",
            "resolved": "https://registry.npmjs.org/bcryptjs/-/bcryptjs-2.4.3.tgz",
            "integrity": "sha1-mrVie5PmBiH/fNrF2pczAn3x0Ms="
        },
        "body-parser": {
            "version": "1.18.2",
            "resolved": "https://registry.npmjs.org/body-parser/-/body-parser-1.18.2.tgz",
            "integrity": "sha1-h2eKGdhLR9hZuDGZvVm84iKxBFQ="
        },
        "cors": {
            "version": "2.8.4",
            "resolved": "https://registry.npmjs.org/cors/-/cors-2.8.4.tgz",
            "integrity": "sha1-K9OB8usgECAQXNUOpZ2mMJBpRoY="
        },
        "express": {
            "version": "4.16.2",
            "resolved": "https://registry.npmjs.org/express/-/express-4.16.2.tgz",
            "integrity": "sha1-41xt/i1kt9ygpc1PIXgb4ymeB2w=",
            "dependencies": {
                "setprototypeof": {
                    "version": "1.1.0",
                    "resolved": "https://registry.npmjs.org/setprototypeof/-/setprototypeof-1.1.0.tgz",
                    "integrity": "sha512-BvE/TwpZX4FXExxOxZyRGQQv651MSwmWKZGqvmPcRIjDqWub67kTKuIMx43cZZrS/cBBzwBcNDWoFxt2XEFIpQ=="
                }
            }
        },
        "express-jwt": {
            "version": "3.4.0",
            "resolved": "https://registry.npmjs.org/express-jwt/-/express-jwt-3.4.0.tgz",
            "integrity": "sha1-5v6HMOYdqBqN6rZGgBVK5GwAKMw="
        },
        "jsonwebtoken": {
            "version": "5.7.0",
            "resolved": "https://registry.npmjs.org/jsonwebtoken/-/jsonwebtoken-5.7.0.tgz",
            "integrity": "sha1-HJD5qGzlt0j1+XnBK3BAK0r83bQ=",
            "dependencies": {
                "ms": {
                    "version": "0.7.3",
                    "resolved": "https://registry.npmjs.org/ms/-/ms-0.7.3.tgz",
                    "integrity": "sha1-cIFVpeROM/X9D8U+gdDUCpG+H/8="
                }
            }
        },
        "lodash": {
            "version": "3.10.1",
            "resolved": "https://registry.npmjs.org/lodash/-/lodash-3.10.1.tgz",
            "integrity": "sha1-W/Rejkm6QYnhfUgnid/RW9FAt7Y="
        },
        "memory-pager": {
            "version": "1.5.0",
            "resolved": "https://registry.npmjs.org/memory-pager/-/memory-pager-1.5.0.tgz",
            "integrity": "sha512-ZS4Bp4r/Zoeq6+NLJpP+0Zzm0pR8whtGPf1XExKLJBAczGMnSi3It14OiNCStjQjM6NU1okjQGSxgEZN8eBYKg==",
            "optional": true
        },
        "mongodb": {
            "version": "3.1.13",
            "resolved": "https://registry.npmjs.org/mongodb/-/mongodb-3.1.13.tgz",
            "integrity": "sha512-sz2dhvBZQWf3LRNDhbd30KHVzdjZx9IKC0L+kSZ/gzYquCF5zPOgGqRz6sSCqYZtKP2ekB4nfLxhGtzGHnIKxA==",
            "requires": {
                "mongodb-core": "3.1.11",
                "safe-buffer": "^5.1.2"
            },
            "dependencies": {
                "bson": {
                    "version": "1.1.5",
                    "resolved": "https://registry.npmjs.org/bson/-/bson-1.1.5.tgz",
                    "integrity": "sha512-kDuEzldR21lHciPQAIulLs1LZlCXdLziXI6Mb/TDkwXhb//UORJNPXgcRs2CuO4H0DcMkpfT3/ySsP3unoZjBg=="
                },
                "mongodb-core": {
                    "version": "3.1.11",
                    "resolved": "https://registry.npmjs.org/mongodb-core/-/mongodb-core-3.1.11.tgz",
                    "integrity": "sha512-rD2US2s5qk/ckbiiGFHeu+yKYDXdJ1G87F6CG3YdaZpzdOm5zpoAZd/EKbPmFO6cQZ+XVXBXBJ660sSI0gc6qg==",
                    "requires": {
                        "bson": "^1.1.0",
                        "require_optional": "^1.0.1",
                        "safe-buffer": "^5.1.2",
                        "saslprep": "^1.0.0"
                    }
                },
                "safe-buffer": {
                    "version": "5.2.1",
                    "resolved": "https://registry.npmjs.org/safe-buffer/-/safe-buffer-5.2.1.tgz",
                    "integrity": "sha512-rp3So07KcdmmKbGvgaNxQSJr7bGVSVk5S9Eq1F+ppbRo70+YeaDxkw5Dd8NPN+GD6bjnYm2VuPuCXmpuYvmCXQ=="
                }
            }
        },
        "mongoskin": {
            "version": "2.1.0",
            "resolved": "https://registry.npmjs.org/mongoskin/-/mongoskin-2.1.0.tgz",
            "integrity": "sha1-H9poFLId5T42tDlvYSbJecXp7mA="
        },
        "q": {
            "version": "1.5.0",
            "resolved": "https://registry.npmjs.org/q/-/q-1.5.0.tgz",
            "integrity": "sha1-3QG6ydBtMObyGa7LglPunr3DCPE="
        },
        "request": {
            "version": "2.83.0",
            "resolved": "https://registry.npmjs.org/request/-/request-2.83.0.tgz",
            "integrity": "sha512-lR3gD69osqm6EYLk9wB/G1W/laGWjzH90t1vEa2xuxHD5KUrSzp9pUSfTm+YC5Nxt2T8nMPEvKlhbQayU7bgFw=="
        },
        "require_optional": {
            "version": "1.0.1",
            "resolved": "https://registry.npmjs.org/require_optional/-/require_optional-1.0.1.tgz",
            "integrity": "sha512-qhM/y57enGWHAe3v/NcwML6a3/vfESLe/sGM2dII+gEO0BpKRUkWZow/tyloNqJyN6kXSl3RyyM8Ll5D/sJP8g=="
        },
        "rootpath": {
            "version": "0.1.2",
            "resolved": "https://registry.npmjs.org/rootpath/-/rootpath-0.1.2.tgz",
            "integrity": "sha1-Wzeah9ypBum5HWkKWZQ5vvJn6ms="
        },
        "saslprep": {
            "version": "1.0.3",
            "resolved": "https://registry.npmjs.org/saslprep/-/saslprep-1.0.3.tgz",
            "integrity": "sha512-/MY/PEMbk2SuY5sScONwhUDsV2p77Znkb/q3nSVstq/yQzYJOH/Azh29p9oJLsl3LnQwSvZDKagDGBsBwSooag==",
            "optional": true,
            "requires": {
                "sparse-bitfield": "^3.0.3"
            }
        },
        "sentiment": {
            "version": "4.2.0",
            "resolved": "https://registry.npmjs.org/sentiment/-/sentiment-4.2.0.tgz",
            "integrity": "sha512-aj0/PouNqOQBklPbERcn8IoHsfmQpWXdp71SS/ixDFUN+2KoQuZ7JhtwR94Al7h8m0nhs/wiCj5QXejtoF0wNA=="
        },
        "sparse-bitfield": {
            "version": "3.0.3",
            "resolved": "https://registry.npmjs.org/sparse-bitfield/-/sparse-bitfield-3.0.3.tgz",
            "integrity": "sha1-/0rm5oZWBWuks+eSqzM004JzyhE=",
            "optional": true,
            "requires": {
                "memory-pager": "^1.0.2"
            }
        }
    }
}
